// !$*UTF8*$!
{
	archiveVersion = 1;
	classes = {
	};
	objectVersion = 56;
	objects = {

/* Begin PBXBuildFile section */
		6B300E532AD63053002B9747 /* OrderLibrary in Frameworks */ = {isa = PBXBuildFile; productRef = 6B300E522AD63053002B9747 /* OrderLibrary */; };
		6B7F9C142B17F9070051974F /* Checkout in Frameworks */ = {isa = PBXBuildFile; productRef = 6B7F9C132B17F9070051974F /* Checkout */; };
		6B8B0D3D2B18E80E00CBC79B /* Navigation in Frameworks */ = {isa = PBXBuildFile; productRef = 6B8B0D3C2B18E80E00CBC79B /* Navigation */; };
		6BBC07332B1CB9A80003217F /* RootBuilder.swift in Sources */ = {isa = PBXBuildFile; fileRef = 6BBC07322B1CB9A80003217F /* RootBuilder.swift */; };
		6BBC07352B1CBA0E0003217F /* RootDependencyProvider.swift in Sources */ = {isa = PBXBuildFile; fileRef = 6BBC07342B1CBA0E0003217F /* RootDependencyProvider.swift */; };
		6BC14EFC2AC777B3000ADFEC /* CoffeeShopApp.swift in Sources */ = {isa = PBXBuildFile; fileRef = 6BC14EFB2AC777B3000ADFEC /* CoffeeShopApp.swift */; };
		6BC14F002AC777B7000ADFEC /* Assets.xcassets in Resources */ = {isa = PBXBuildFile; fileRef = 6BC14EFF2AC777B7000ADFEC /* Assets.xcassets */; };
		6BC14F032AC777B7000ADFEC /* Preview Assets.xcassets in Resources */ = {isa = PBXBuildFile; fileRef = 6BC14F022AC777B7000ADFEC /* Preview Assets.xcassets */; };
		6BF6EF892AC77CFE007C655C /* HTTP in Frameworks */ = {isa = PBXBuildFile; productRef = 6BF6EF882AC77CFE007C655C /* HTTP */; };
		6BF6EF8C2AC7A4B5007C655C /* Resourceful in Frameworks */ = {isa = PBXBuildFile; productRef = 6BF6EF8B2AC7A4B5007C655C /* Resourceful */; };
		6BF6EF902ACCE649007C655C /* Menu in Frameworks */ = {isa = PBXBuildFile; productRef = 6BF6EF8F2ACCE649007C655C /* Menu */; };
		6BF6EF922ACCFFD8007C655C /* Core in Frameworks */ = {isa = PBXBuildFile; productRef = 6BF6EF912ACCFFD8007C655C /* Core */; };
/* End PBXBuildFile section */

/* Begin PBXFileReference section */
		6B300E512AD63040002B9747 /* OrderLibrary */ = {isa = PBXFileReference; lastKnownFileType = wrapper; name = OrderLibrary; path = ../Modules/OrderLibrary; sourceTree = "<group>"; };
		6B7F9C122B17F8710051974F /* Checkout */ = {isa = PBXFileReference; lastKnownFileType = wrapper; name = Checkout; path = ../Modules/Checkout; sourceTree = "<group>"; };
		6B8B0D3B2B18D01700CBC79B /* Navigation */ = {isa = PBXFileReference; lastKnownFileType = wrapper; name = Navigation; path = ../Modules/Navigation; sourceTree = "<group>"; };
		6BBC07322B1CB9A80003217F /* RootBuilder.swift */ = {isa = PBXFileReference; lastKnownFileType = sourcecode.swift; path = RootBuilder.swift; sourceTree = "<group>"; };
		6BBC07342B1CBA0E0003217F /* RootDependencyProvider.swift */ = {isa = PBXFileReference; lastKnownFileType = sourcecode.swift; path = RootDependencyProvider.swift; sourceTree = "<group>"; };
		6BC14EF82AC777B3000ADFEC /* CoffeeShop.app */ = {isa = PBXFileReference; explicitFileType = wrapper.application; includeInIndex = 0; path = CoffeeShop.app; sourceTree = BUILT_PRODUCTS_DIR; };
		6BC14EFB2AC777B3000ADFEC /* CoffeeShopApp.swift */ = {isa = PBXFileReference; lastKnownFileType = sourcecode.swift; path = CoffeeShopApp.swift; sourceTree = "<group>"; };
		6BC14EFF2AC777B7000ADFEC /* Assets.xcassets */ = {isa = PBXFileReference; lastKnownFileType = folder.assetcatalog; path = Assets.xcassets; sourceTree = "<group>"; };
		6BC14F022AC777B7000ADFEC /* Preview Assets.xcassets */ = {isa = PBXFileReference; lastKnownFileType = folder.assetcatalog; path = "Preview Assets.xcassets"; sourceTree = "<group>"; };
		6BC14F262AC77945000ADFEC /* HTTP */ = {isa = PBXFileReference; lastKnownFileType = wrapper; name = HTTP; path = ../Modules/HTTP; sourceTree = "<group>"; };
		6BF6EF8D2AC7A4EA007C655C /* Core */ = {isa = PBXFileReference; lastKnownFileType = wrapper; name = Core; path = ../Modules/Core; sourceTree = "<group>"; };
		6BF6EF8E2AC7A896007C655C /* Menu */ = {isa = PBXFileReference; lastKnownFileType = wrapper; name = Menu; path = ../Modules/Menu; sourceTree = "<group>"; };
/* End PBXFileReference section */

/* Begin PBXFrameworksBuildPhase section */
		6BC14EF52AC777B3000ADFEC /* Frameworks */ = {
			isa = PBXFrameworksBuildPhase;
			buildActionMask = 2147483647;
			files = (
				6BF6EF892AC77CFE007C655C /* HTTP in Frameworks */,
				6BF6EF922ACCFFD8007C655C /* Core in Frameworks */,
				6B7F9C142B17F9070051974F /* Checkout in Frameworks */,
				6BF6EF902ACCE649007C655C /* Menu in Frameworks */,
				6B8B0D3D2B18E80E00CBC79B /* Navigation in Frameworks */,
				6B300E532AD63053002B9747 /* OrderLibrary in Frameworks */,
				6BF6EF8C2AC7A4B5007C655C /* Resourceful in Frameworks */,
			);
			runOnlyForDeploymentPostprocessing = 0;
		};
/* End PBXFrameworksBuildPhase section */

/* Begin PBXGroup section */
		6BBC07312B1CB99A0003217F /* Root */ = {
			isa = PBXGroup;
			children = (
				6BBC07322B1CB9A80003217F /* RootBuilder.swift */,
				6BBC07342B1CBA0E0003217F /* RootDependencyProvider.swift */,
			);
			path = Root;
			sourceTree = "<group>";
		};
		6BC14EEF2AC777B3000ADFEC = {
			isa = PBXGroup;
			children = (
				6BC14F252AC77945000ADFEC /* Packages */,
				6BC14EFA2AC777B3000ADFEC /* CoffeeShop */,
				6BC14EF92AC777B3000ADFEC /* Products */,
				6BF6EF852AC77CFE007C655C /* Frameworks */,
			);
			sourceTree = "<group>";
		};
		6BC14EF92AC777B3000ADFEC /* Products */ = {
			isa = PBXGroup;
			children = (
				6BC14EF82AC777B3000ADFEC /* CoffeeShop.app */,
			);
			name = Products;
			sourceTree = "<group>";
		};
		6BC14EFA2AC777B3000ADFEC /* CoffeeShop */ = {
			isa = PBXGroup;
			children = (
				6BBC07312B1CB99A0003217F /* Root */,
				6BC14EFB2AC777B3000ADFEC /* CoffeeShopApp.swift */,
				6BC14EFF2AC777B7000ADFEC /* Assets.xcassets */,
				6BC14F012AC777B7000ADFEC /* Preview Content */,
			);
			path = CoffeeShop;
			sourceTree = "<group>";
		};
		6BC14F012AC777B7000ADFEC /* Preview Content */ = {
			isa = PBXGroup;
			children = (
				6BC14F022AC777B7000ADFEC /* Preview Assets.xcassets */,
			);
			path = "Preview Content";
			sourceTree = "<group>";
		};
		6BC14F252AC77945000ADFEC /* Packages */ = {
			isa = PBXGroup;
			children = (
				6B8B0D3B2B18D01700CBC79B /* Navigation */,
				6B7F9C122B17F8710051974F /* Checkout */,
				6B300E512AD63040002B9747 /* OrderLibrary */,
				6BF6EF8E2AC7A896007C655C /* Menu */,
				6BF6EF8D2AC7A4EA007C655C /* Core */,
				6BC14F262AC77945000ADFEC /* HTTP */,
			);
			name = Packages;
			sourceTree = "<group>";
		};
		6BF6EF852AC77CFE007C655C /* Frameworks */ = {
			isa = PBXGroup;
			children = (
			);
			name = Frameworks;
			sourceTree = "<group>";
		};
/* End PBXGroup section */

/* Begin PBXNativeTarget section */
		6BC14EF72AC777B3000ADFEC /* CoffeeShop */ = {
			isa = PBXNativeTarget;
			buildConfigurationList = 6BC14F1C2AC777B7000ADFEC /* Build configuration list for PBXNativeTarget "CoffeeShop" */;
			buildPhases = (
				6BC14EF42AC777B3000ADFEC /* Sources */,
				6BC14EF52AC777B3000ADFEC /* Frameworks */,
				6BC14EF62AC777B3000ADFEC /* Resources */,
			);
			buildRules = (
			);
			dependencies = (
			);
			name = CoffeeShop;
			packageProductDependencies = (
				6BF6EF882AC77CFE007C655C /* HTTP */,
				6BF6EF8B2AC7A4B5007C655C /* Resourceful */,
				6BF6EF8F2ACCE649007C655C /* Menu */,
				6BF6EF912ACCFFD8007C655C /* Core */,
				6B300E522AD63053002B9747 /* OrderLibrary */,
				6B7F9C132B17F9070051974F /* Checkout */,
				6B8B0D3C2B18E80E00CBC79B /* Navigation */,
			);
			productName = CoffeeShop;
			productReference = 6BC14EF82AC777B3000ADFEC /* CoffeeShop.app */;
			productType = "com.apple.product-type.application";
		};
/* End PBXNativeTarget section */

/* Begin PBXProject section */
		6BC14EF02AC777B3000ADFEC /* Project object */ = {
			isa = PBXProject;
			attributes = {
				BuildIndependentTargetsInParallel = 1;
				LastSwiftUpdateCheck = 1420;
				LastUpgradeCheck = 1420;
				TargetAttributes = {
					6BC14EF72AC777B3000ADFEC = {
						CreatedOnToolsVersion = 14.2;
					};
				};
			};
			buildConfigurationList = 6BC14EF32AC777B3000ADFEC /* Build configuration list for PBXProject "CoffeeShop" */;
			compatibilityVersion = "Xcode 14.0";
			developmentRegion = en;
			hasScannedForEncodings = 0;
			knownRegions = (
				en,
				Base,
			);
			mainGroup = 6BC14EEF2AC777B3000ADFEC;
			packageReferences = (
				6BF6EF8A2AC7A4B5007C655C /* XCRemoteSwiftPackageReference "Resourceful" */,
			);
			productRefGroup = 6BC14EF92AC777B3000ADFEC /* Products */;
			projectDirPath = "";
			projectRoot = "";
			targets = (
				6BC14EF72AC777B3000ADFEC /* CoffeeShop */,
			);
		};
/* End PBXProject section */

/* Begin PBXResourcesBuildPhase section */
		6BC14EF62AC777B3000ADFEC /* Resources */ = {
			isa = PBXResourcesBuildPhase;
			buildActionMask = 2147483647;
			files = (
				6BC14F032AC777B7000ADFEC /* Preview Assets.xcassets in Resources */,
				6BC14F002AC777B7000ADFEC /* Assets.xcassets in Resources */,
			);
			runOnlyForDeploymentPostprocessing = 0;
		};
/* End PBXResourcesBuildPhase section */

/* Begin PBXSourcesBuildPhase section */
		6BC14EF42AC777B3000ADFEC /* Sources */ = {
			isa = PBXSourcesBuildPhase;
			buildActionMask = 2147483647;
			files = (
				6BBC07352B1CBA0E0003217F /* RootDependencyProvider.swift in Sources */,
				6BC14EFC2AC777B3000ADFEC /* CoffeeShopApp.swift in Sources */,
				6BBC07332B1CB9A80003217F /* RootBuilder.swift in Sources */,
			);
			runOnlyForDeploymentPostprocessing = 0;
		};
/* End PBXSourcesBuildPhase section */

/* Begin XCBuildConfiguration section */
		6BC14F1A2AC777B7000ADFEC /* Debug */ = {
			isa = XCBuildConfiguration;
			buildSettings = {
				ALWAYS_SEARCH_USER_PATHS = NO;
				CLANG_ANALYZER_NONNULL = YES;
				CLANG_ANALYZER_NUMBER_OBJECT_CONVERSION = YES_AGGRESSIVE;
				CLANG_CXX_LANGUAGE_STANDARD = "gnu++20";
				CLANG_ENABLE_MODULES = YES;
				CLANG_ENABLE_OBJC_ARC = YES;
				CLANG_ENABLE_OBJC_WEAK = YES;
				CLANG_WARN_BLOCK_CAPTURE_AUTORELEASING = YES;
				CLANG_WARN_BOOL_CONVERSION = YES;
				CLANG_WARN_COMMA = YES;
				CLANG_WARN_CONSTANT_CONVERSION = YES;
				CLANG_WARN_DEPRECATED_OBJC_IMPLEMENTATIONS = YES;
				CLANG_WARN_DIRECT_OBJC_ISA_USAGE = YES_ERROR;
				CLANG_WARN_DOCUMENTATION_COMMENTS = YES;
				CLANG_WARN_EMPTY_BODY = YES;
				CLANG_WARN_ENUM_CONVERSION = YES;
				CLANG_WARN_INFINITE_RECURSION = YES;
				CLANG_WARN_INT_CONVERSION = YES;
				CLANG_WARN_NON_LITERAL_NULL_CONVERSION = YES;
				CLANG_WARN_OBJC_IMPLICIT_RETAIN_SELF = YES;
				CLANG_WARN_OBJC_LITERAL_CONVERSION = YES;
				CLANG_WARN_OBJC_ROOT_CLASS = YES_ERROR;
				CLANG_WARN_QUOTED_INCLUDE_IN_FRAMEWORK_HEADER = YES;
				CLANG_WARN_RANGE_LOOP_ANALYSIS = YES;
				CLANG_WARN_STRICT_PROTOTYPES = YES;
				CLANG_WARN_SUSPICIOUS_MOVE = YES;
				CLANG_WARN_UNGUARDED_AVAILABILITY = YES_AGGRESSIVE;
				CLANG_WARN_UNREACHABLE_CODE = YES;
				CLANG_WARN__DUPLICATE_METHOD_MATCH = YES;
				COPY_PHASE_STRIP = NO;
				DEBUG_INFORMATION_FORMAT = dwarf;
				ENABLE_STRICT_OBJC_MSGSEND = YES;
				ENABLE_TESTABILITY = YES;
				GCC_C_LANGUAGE_STANDARD = gnu11;
				GCC_DYNAMIC_NO_PIC = NO;
				GCC_NO_COMMON_BLOCKS = YES;
				GCC_OPTIMIZATION_LEVEL = 0;
				GCC_PREPROCESSOR_DEFINITIONS = (
					"DEBUG=1",
					"$(inherited)",
				);
				GCC_WARN_64_TO_32_BIT_CONVERSION = YES;
				GCC_WARN_ABOUT_RETURN_TYPE = YES_ERROR;
				GCC_WARN_UNDECLARED_SELECTOR = YES;
				GCC_WARN_UNINITIALIZED_AUTOS = YES_AGGRESSIVE;
				GCC_WARN_UNUSED_FUNCTION = YES;
				GCC_WARN_UNUSED_VARIABLE = YES;
				IPHONEOS_DEPLOYMENT_TARGET = 16.2;
				MTL_ENABLE_DEBUG_INFO = INCLUDE_SOURCE;
				MTL_FAST_MATH = YES;
				ONLY_ACTIVE_ARCH = YES;
				SDKROOT = iphoneos;
				SWIFT_ACTIVE_COMPILATION_CONDITIONS = DEBUG;
				SWIFT_OPTIMIZATION_LEVEL = "-Onone";
			};
			name = Debug;
		};
		6BC14F1B2AC777B7000ADFEC /* Release */ = {
			isa = XCBuildConfiguration;
			buildSettings = {
				ALWAYS_SEARCH_USER_PATHS = NO;
				CLANG_ANALYZER_NONNULL = YES;
				CLANG_ANALYZER_NUMBER_OBJECT_CONVERSION = YES_AGGRESSIVE;
				CLANG_CXX_LANGUAGE_STANDARD = "gnu++20";
				CLANG_ENABLE_MODULES = YES;
				CLANG_ENABLE_OBJC_ARC = YES;
				CLANG_ENABLE_OBJC_WEAK = YES;
				CLANG_WARN_BLOCK_CAPTURE_AUTORELEASING = YES;
				CLANG_WARN_BOOL_CONVERSION = YES;
				CLANG_WARN_COMMA = YES;
				CLANG_WARN_CONSTANT_CONVERSION = YES;
				CLANG_WARN_DEPRECATED_OBJC_IMPLEMENTATIONS = YES;
				CLANG_WARN_DIRECT_OBJC_ISA_USAGE = YES_ERROR;
				CLANG_WARN_DOCUMENTATION_COMMENTS = YES;
				CLANG_WARN_EMPTY_BODY = YES;
				CLANG_WARN_ENUM_CONVERSION = YES;
				CLANG_WARN_INFINITE_RECURSION = YES;
				CLANG_WARN_INT_CONVERSION = YES;
				CLANG_WARN_NON_LITERAL_NULL_CONVERSION = YES;
				CLANG_WARN_OBJC_IMPLICIT_RETAIN_SELF = YES;
				CLANG_WARN_OBJC_LITERAL_CONVERSION = YES;
				CLANG_WARN_OBJC_ROOT_CLASS = YES_ERROR;
				CLANG_WARN_QUOTED_INCLUDE_IN_FRAMEWORK_HEADER = YES;
				CLANG_WARN_RANGE_LOOP_ANALYSIS = YES;
				CLANG_WARN_STRICT_PROTOTYPES = YES;
				CLANG_WARN_SUSPICIOUS_MOVE = YES;
				CLANG_WARN_UNGUARDED_AVAILABILITY = YES_AGGRESSIVE;
				CLANG_WARN_UNREACHABLE_CODE = YES;
				CLANG_WARN__DUPLICATE_METHOD_MATCH = YES;
				COPY_PHASE_STRIP = NO;
				DEBUG_INFORMATION_FORMAT = "dwarf-with-dsym";
				ENABLE_NS_ASSERTIONS = NO;
				ENABLE_STRICT_OBJC_MSGSEND = YES;
				GCC_C_LANGUAGE_STANDARD = gnu11;
				GCC_NO_COMMON_BLOCKS = YES;
				GCC_WARN_64_TO_32_BIT_CONVERSION = YES;
				GCC_WARN_ABOUT_RETURN_TYPE = YES_ERROR;
				GCC_WARN_UNDECLARED_SELECTOR = YES;
				GCC_WARN_UNINITIALIZED_AUTOS = YES_AGGRESSIVE;
				GCC_WARN_UNUSED_FUNCTION = YES;
				GCC_WARN_UNUSED_VARIABLE = YES;
				IPHONEOS_DEPLOYMENT_TARGET = 16.2;
				MTL_ENABLE_DEBUG_INFO = NO;
				MTL_FAST_MATH = YES;
				SDKROOT = iphoneos;
				SWIFT_COMPILATION_MODE = wholemodule;
				SWIFT_OPTIMIZATION_LEVEL = "-O";
				VALIDATE_PRODUCT = YES;
			};
			name = Release;
		};
		6BC14F1D2AC777B7000ADFEC /* Debug */ = {
			isa = XCBuildConfiguration;
			buildSettings = {
				ASSETCATALOG_COMPILER_APPICON_NAME = AppIcon;
				ASSETCATALOG_COMPILER_GLOBAL_ACCENT_COLOR_NAME = AccentColor;
				CODE_SIGN_STYLE = Automatic;
				CURRENT_PROJECT_VERSION = 1;
				DEVELOPMENT_ASSET_PATHS = "\"CoffeeShop/Preview Content\"";
				DEVELOPMENT_TEAM = PNRHBB5S44;
				ENABLE_PREVIEWS = YES;
				GENERATE_INFOPLIST_FILE = YES;
				INFOPLIST_KEY_UIApplicationSceneManifest_Generation = YES;
				INFOPLIST_KEY_UIApplicationSupportsIndirectInputEvents = YES;
				INFOPLIST_KEY_UILaunchScreen_Generation = YES;
				INFOPLIST_KEY_UISupportedInterfaceOrientations_iPad = "UIInterfaceOrientationPortrait UIInterfaceOrientationPortraitUpsideDown UIInterfaceOrientationLandscapeLeft UIInterfaceOrientationLandscapeRight";
				INFOPLIST_KEY_UISupportedInterfaceOrientations_iPhone = "UIInterfaceOrientationPortrait UIInterfaceOrientationLandscapeLeft UIInterfaceOrientationLandscapeRight";
				IPHONEOS_DEPLOYMENT_TARGET = 16.0;
				LD_RUNPATH_SEARCH_PATHS = (
					"$(inherited)",
					"@executable_path/Frameworks",
				);
				MARKETING_VERSION = 1.0;
				PRODUCT_BUNDLE_IDENTIFIER = gustavovergara.CoffeeShop;
				PRODUCT_NAME = "$(TARGET_NAME)";
				SWIFT_EMIT_LOC_STRINGS = YES;
				SWIFT_VERSION = 5.0;
				TARGETED_DEVICE_FAMILY = "1,2";
			};
			name = Debug;
		};
		6BC14F1E2AC777B7000ADFEC /* Release */ = {
			isa = XCBuildConfiguration;
			buildSettings = {
				ASSETCATALOG_COMPILER_APPICON_NAME = AppIcon;
				ASSETCATALOG_COMPILER_GLOBAL_ACCENT_COLOR_NAME = AccentColor;
				CODE_SIGN_STYLE = Automatic;
				CURRENT_PROJECT_VERSION = 1;
				DEVELOPMENT_ASSET_PATHS = "\"CoffeeShop/Preview Content\"";
				DEVELOPMENT_TEAM = PNRHBB5S44;
				ENABLE_PREVIEWS = YES;
				GENERATE_INFOPLIST_FILE = YES;
				INFOPLIST_KEY_UIApplicationSceneManifest_Generation = YES;
				INFOPLIST_KEY_UIApplicationSupportsIndirectInputEvents = YES;
				INFOPLIST_KEY_UILaunchScreen_Generation = YES;
				INFOPLIST_KEY_UISupportedInterfaceOrientations_iPad = "UIInterfaceOrientationPortrait UIInterfaceOrientationPortraitUpsideDown UIInterfaceOrientationLandscapeLeft UIInterfaceOrientationLandscapeRight";
				INFOPLIST_KEY_UISupportedInterfaceOrientations_iPhone = "UIInterfaceOrientationPortrait UIInterfaceOrientationLandscapeLeft UIInterfaceOrientationLandscapeRight";
				IPHONEOS_DEPLOYMENT_TARGET = 16.0;
				LD_RUNPATH_SEARCH_PATHS = (
					"$(inherited)",
					"@executable_path/Frameworks",
				);
				MARKETING_VERSION = 1.0;
				PRODUCT_BUNDLE_IDENTIFIER = gustavovergara.CoffeeShop;
				PRODUCT_NAME = "$(TARGET_NAME)";
				SWIFT_EMIT_LOC_STRINGS = YES;
				SWIFT_VERSION = 5.0;
				TARGETED_DEVICE_FAMILY = "1,2";
			};
			name = Release;
		};
/* End XCBuildConfiguration section */

/* Begin XCConfigurationList section */
		6BC14EF32AC777B3000ADFEC /* Build configuration list for PBXProject "CoffeeShop" */ = {
			isa = XCConfigurationList;
			buildConfigurations = (
				6BC14F1A2AC777B7000ADFEC /* Debug */,
				6BC14F1B2AC777B7000ADFEC /* Release */,
			);
			defaultConfigurationIsVisible = 0;
			defaultConfigurationName = Release;
		};
		6BC14F1C2AC777B7000ADFEC /* Build configuration list for PBXNativeTarget "CoffeeShop" */ = {
			isa = XCConfigurationList;
			buildConfigurations = (
				6BC14F1D2AC777B7000ADFEC /* Debug */,
				6BC14F1E2AC777B7000ADFEC /* Release */,
			);
			defaultConfigurationIsVisible = 0;
			defaultConfigurationName = Release;
		};
/* End XCConfigurationList section */

/* Begin XCRemoteSwiftPackageReference section */
		6BF6EF8A2AC7A4B5007C655C /* XCRemoteSwiftPackageReference "Resourceful" */ = {
			isa = XCRemoteSwiftPackageReference;
			repositoryURL = "https://github.com/GustavoVergara/Resourceful.git";
			requirement = {
				branch = main;
				kind = branch;
			};
		};
/* End XCRemoteSwiftPackageReference section */

/* Begin XCSwiftPackageProductDependency section */
		6B300E522AD63053002B9747 /* OrderLibrary */ = {
			isa = XCSwiftPackageProductDependency;
			productName = OrderLibrary;
		};
		6B7F9C132B17F9070051974F /* Checkout */ = {
			isa = XCSwiftPackageProductDependency;
			productName = Checkout;
		};
		6B8B0D3C2B18E80E00CBC79B /* Navigation */ = {
			isa = XCSwiftPackageProductDependency;
			productName = Navigation;
		};
		6BF6EF882AC77CFE007C655C /* HTTP */ = {
			isa = XCSwiftPackageProductDependency;
			productName = HTTP;
		};
		6BF6EF8B2AC7A4B5007C655C /* Resourceful */ = {
			isa = XCSwiftPackageProductDependency;
			package = 6BF6EF8A2AC7A4B5007C655C /* XCRemoteSwiftPackageReference "Resourceful" */;
			productName = Resourceful;
		};
		6BF6EF8F2ACCE649007C655C /* Menu */ = {
			isa = XCSwiftPackageProductDependency;
			productName = Menu;
		};
		6BF6EF912ACCFFD8007C655C /* Core */ = {
			isa = XCSwiftPackageProductDependency;
			productName = Core;
		};
/* End XCSwiftPackageProductDependency section */
	};
	rootObject = 6BC14EF02AC777B3000ADFEC /* Project object */;
}
